// !$*UTF8*$!
{
	archiveVersion = 1;
	classes = {
	};
	objectVersion = 50;
	objects = {

/* Begin PBXBuildFile section */
		B3114EE3214A7B4E00C8B28C /* Assets.xcassets in Resources */ = {isa = PBXBuildFile; fileRef = B3114EE2214A7B4E00C8B28C /* Assets.xcassets */; };
		B3114EF2214A7B4E00C8B28C /* bookdownTests.swift in Sources */ = {isa = PBXBuildFile; fileRef = B3114EF1214A7B4E00C8B28C /* bookdownTests.swift */; };
		B3114F05214A7C8B00C8B28C /* main.swift in Sources */ = {isa = PBXBuildFile; fileRef = B3114F04214A7C8B00C8B28C /* main.swift */; };
/* End PBXBuildFile section */

/* Begin PBXContainerItemProxy section */
		B3114EEE214A7B4E00C8B28C /* PBXContainerItemProxy */ = {
			isa = PBXContainerItemProxy;
			containerPortal = B3114ED5214A7B4C00C8B28C /* Project object */;
			proxyType = 1;
			remoteGlobalIDString = B3114EDC214A7B4C00C8B28C;
			remoteInfo = bookdown;
		};
/* End PBXContainerItemProxy section */

/* Begin PBXFileReference section */
		B3114EDD214A7B4C00C8B28C /* bookdown.app */ = {isa = PBXFileReference; explicitFileType = wrapper.application; includeInIndex = 0; path = bookdown.app; sourceTree = BUILT_PRODUCTS_DIR; };
		B3114EE2214A7B4E00C8B28C /* Assets.xcassets */ = {isa = PBXFileReference; lastKnownFileType = folder.assetcatalog; path = Assets.xcassets; sourceTree = "<group>"; };
		B3114EE7214A7B4E00C8B28C /* Info.plist */ = {isa = PBXFileReference; lastKnownFileType = text.plist.xml; path = Info.plist; sourceTree = "<group>"; };
		B3114EED214A7B4E00C8B28C /* bookdownTests.xctest */ = {isa = PBXFileReference; explicitFileType = wrapper.cfbundle; includeInIndex = 0; path = bookdownTests.xctest; sourceTree = BUILT_PRODUCTS_DIR; };
		B3114EF1214A7B4E00C8B28C /* bookdownTests.swift */ = {isa = PBXFileReference; lastKnownFileType = sourcecode.swift; path = bookdownTests.swift; sourceTree = "<group>"; };
		B3114EF3214A7B4E00C8B28C /* Info.plist */ = {isa = PBXFileReference; lastKnownFileType = text.plist.xml; path = Info.plist; sourceTree = "<group>"; };
		B3114F04214A7C8B00C8B28C /* main.swift */ = {isa = PBXFileReference; fileEncoding = 4; lastKnownFileType = sourcecode.swift; path = main.swift; sourceTree = "<group>"; };
/* End PBXFileReference section */

/* Begin PBXFrameworksBuildPhase section */
		B3114EDA214A7B4C00C8B28C /* Frameworks */ = {
			isa = PBXFrameworksBuildPhase;
			buildActionMask = 2147483647;
			files = (
			);
			runOnlyForDeploymentPostprocessing = 0;
		};
		B3114EEA214A7B4E00C8B28C /* Frameworks */ = {
			isa = PBXFrameworksBuildPhase;
			buildActionMask = 2147483647;
			files = (
			);
			runOnlyForDeploymentPostprocessing = 0;
		};
/* End PBXFrameworksBuildPhase section */

/* Begin PBXGroup section */
		B3114ED4214A7B4C00C8B28C = {
			isa = PBXGroup;
			children = (
				B3114EDF214A7B4C00C8B28C /* bookdown */,
				B3114EF0214A7B4E00C8B28C /* bookdownTests */,
				B3114EDE214A7B4C00C8B28C /* Products */,
			);
			sourceTree = "<group>";
		};
		B3114EDE214A7B4C00C8B28C /* Products */ = {
			isa = PBXGroup;
			children = (
				B3114EDD214A7B4C00C8B28C /* bookdown.app */,
				B3114EED214A7B4E00C8B28C /* bookdownTests.xctest */,
			);
			name = Products;
			sourceTree = "<group>";
		};
		B3114EDF214A7B4C00C8B28C /* bookdown */ = {
			isa = PBXGroup;
			children = (
				B3114F03214A7C8B00C8B28C /* Source */,
				B3114EFE214A7BEB00C8B28C /* Resources */,
			);
			path = bookdown;
			sourceTree = "<group>";
		};
		B3114EF0214A7B4E00C8B28C /* bookdownTests */ = {
			isa = PBXGroup;
			children = (
				B3114EF1214A7B4E00C8B28C /* bookdownTests.swift */,
				B3114EF3214A7B4E00C8B28C /* Info.plist */,
			);
			path = bookdownTests;
			sourceTree = "<group>";
		};
		B3114EFE214A7BEB00C8B28C /* Resources */ = {
			isa = PBXGroup;
			children = (
				B3114EE2214A7B4E00C8B28C /* Assets.xcassets */,
				B3114EE7214A7B4E00C8B28C /* Info.plist */,
			);
			name = Resources;
			sourceTree = "<group>";
		};
		B3114F03214A7C8B00C8B28C /* Source */ = {
			isa = PBXGroup;
			children = (
				B3114F04214A7C8B00C8B28C /* main.swift */,
			);
			path = Source;
			sourceTree = "<group>";
		};
/* End PBXGroup section */

/* Begin PBXNativeTarget section */
		B3114EDC214A7B4C00C8B28C /* bookdown */ = {
			isa = PBXNativeTarget;
			buildConfigurationList = B3114EF6214A7B4E00C8B28C /* Build configuration list for PBXNativeTarget "bookdown" */;
			buildPhases = (
				B3114ED9214A7B4C00C8B28C /* Sources */,
				B3114EDA214A7B4C00C8B28C /* Frameworks */,
				B3114EDB214A7B4C00C8B28C /* Resources */,
			);
			buildRules = (
			);
			dependencies = (
			);
			name = bookdown;
			productName = bookdown;
			productReference = B3114EDD214A7B4C00C8B28C /* bookdown.app */;
			productType = "com.apple.product-type.application";
		};
		B3114EEC214A7B4E00C8B28C /* bookdownTests */ = {
			isa = PBXNativeTarget;
			buildConfigurationList = B3114EF9214A7B4E00C8B28C /* Build configuration list for PBXNativeTarget "bookdownTests" */;
			buildPhases = (
				B3114EE9214A7B4E00C8B28C /* Sources */,
				B3114EEA214A7B4E00C8B28C /* Frameworks */,
				B3114EEB214A7B4E00C8B28C /* Resources */,
			);
			buildRules = (
			);
			dependencies = (
				B3114EEF214A7B4E00C8B28C /* PBXTargetDependency */,
			);
			name = bookdownTests;
			productName = bookdownTests;
			productReference = B3114EED214A7B4E00C8B28C /* bookdownTests.xctest */;
			productType = "com.apple.product-type.bundle.unit-test";
		};
/* End PBXNativeTarget section */

/* Begin PBXProject section */
		B3114ED5214A7B4C00C8B28C /* Project object */ = {
			isa = PBXProject;
			attributes = {
				LastSwiftUpdateCheck = 0940;
				LastUpgradeCheck = 0940;
				ORGANIZATIONNAME = "Bonk, Thomas";
				TargetAttributes = {
					B3114EDC214A7B4C00C8B28C = {
						CreatedOnToolsVersion = 9.4.1;
					};
					B3114EEC214A7B4E00C8B28C = {
						CreatedOnToolsVersion = 9.4.1;
						TestTargetID = B3114EDC214A7B4C00C8B28C;
					};
				};
			};
			buildConfigurationList = B3114ED8214A7B4C00C8B28C /* Build configuration list for PBXProject "bookdown" */;
			compatibilityVersion = "Xcode 9.3";
			developmentRegion = en;
			hasScannedForEncodings = 0;
			knownRegions = (
				en,
				Base,
			);
			mainGroup = B3114ED4214A7B4C00C8B28C;
			productRefGroup = B3114EDE214A7B4C00C8B28C /* Products */;
			projectDirPath = "";
			projectRoot = "";
			targets = (
				B3114EDC214A7B4C00C8B28C /* bookdown */,
				B3114EEC214A7B4E00C8B28C /* bookdownTests */,
			);
		};
/* End PBXProject section */

/* Begin PBXResourcesBuildPhase section */
		B3114EDB214A7B4C00C8B28C /* Resources */ = {
			isa = PBXResourcesBuildPhase;
			buildActionMask = 2147483647;
			files = (
				B3114EE3214A7B4E00C8B28C /* Assets.xcassets in Resources */,
			);
			runOnlyForDeploymentPostprocessing = 0;
		};
		B3114EEB214A7B4E00C8B28C /* Resources */ = {
			isa = PBXResourcesBuildPhase;
			buildActionMask = 2147483647;
			files = (
			);
			runOnlyForDeploymentPostprocessing = 0;
		};
/* End PBXResourcesBuildPhase section */

/* Begin PBXSourcesBuildPhase section */
		B3114ED9214A7B4C00C8B28C /* Sources */ = {
			isa = PBXSourcesBuildPhase;
			buildActionMask = 2147483647;
			files = (
				B3114F05214A7C8B00C8B28C /* main.swift in Sources */,
			);
			runOnlyForDeploymentPostprocessing = 0;
		};
		B3114EE9214A7B4E00C8B28C /* Sources */ = {
			isa = PBXSourcesBuildPhase;
			buildActionMask = 2147483647;
			files = (
				B3114EF2214A7B4E00C8B28C /* bookdownTests.swift in Sources */,
			);
			runOnlyForDeploymentPostprocessing = 0;
		};
/* End PBXSourcesBuildPhase section */

/* Begin PBXTargetDependency section */
		B3114EEF214A7B4E00C8B28C /* PBXTargetDependency */ = {
			isa = PBXTargetDependency;
			target = B3114EDC214A7B4C00C8B28C /* bookdown */;
			targetProxy = B3114EEE214A7B4E00C8B28C /* PBXContainerItemProxy */;
		};
/* End PBXTargetDependency section */

/* Begin XCBuildConfiguration section */
		B3114EF4214A7B4E00C8B28C /* Debug */ = {
			isa = XCBuildConfiguration;
			buildSettings = {
				ALWAYS_SEARCH_USER_PATHS = NO;
				CLANG_ANALYZER_NONNULL = YES;
				CLANG_ANALYZER_NUMBER_OBJECT_CONVERSION = YES_AGGRESSIVE;
				CLANG_CXX_LANGUAGE_STANDARD = "gnu++14";
				CLANG_CXX_LIBRARY = "libc++";
				CLANG_ENABLE_MODULES = YES;
				CLANG_ENABLE_OBJC_ARC = YES;
				CLANG_ENABLE_OBJC_WEAK = YES;
				CLANG_WARN_BLOCK_CAPTURE_AUTORELEASING = YES;
				CLANG_WARN_BOOL_CONVERSION = YES;
				CLANG_WARN_COMMA = YES;
				CLANG_WARN_CONSTANT_CONVERSION = YES;
				CLANG_WARN_DEPRECATED_OBJC_IMPLEMENTATIONS = YES;
				CLANG_WARN_DIRECT_OBJC_ISA_USAGE = YES_ERROR;
				CLANG_WARN_DOCUMENTATION_COMMENTS = YES;
				CLANG_WARN_EMPTY_BODY = YES;
				CLANG_WARN_ENUM_CONVERSION = YES;
				CLANG_WARN_INFINITE_RECURSION = YES;
				CLANG_WARN_INT_CONVERSION = YES;
				CLANG_WARN_NON_LITERAL_NULL_CONVERSION = YES;
				CLANG_WARN_OBJC_IMPLICIT_RETAIN_SELF = YES;
				CLANG_WARN_OBJC_LITERAL_CONVERSION = YES;
				CLANG_WARN_OBJC_ROOT_CLASS = YES_ERROR;
				CLANG_WARN_RANGE_LOOP_ANALYSIS = YES;
				CLANG_WARN_STRICT_PROTOTYPES = YES;
				CLANG_WARN_SUSPICIOUS_MOVE = YES;
				CLANG_WARN_UNGUARDED_AVAILABILITY = YES_AGGRESSIVE;
				CLANG_WARN_UNREACHABLE_CODE = YES;
				CLANG_WARN__DUPLICATE_METHOD_MATCH = YES;
				CODE_SIGN_IDENTITY = "-";
				COPY_PHASE_STRIP = NO;
				DEBUG_INFORMATION_FORMAT = dwarf;
				ENABLE_STRICT_OBJC_MSGSEND = YES;
				ENABLE_TESTABILITY = YES;
				GCC_C_LANGUAGE_STANDARD = gnu11;
				GCC_DYNAMIC_NO_PIC = NO;
				GCC_NO_COMMON_BLOCKS = YES;
				GCC_OPTIMIZATION_LEVEL = 0;
				GCC_PREPROCESSOR_DEFINITIONS = (
					"DEBUG=1",
					"$(inherited)",
				);
				GCC_WARN_64_TO_32_BIT_CONVERSION = YES;
				GCC_WARN_ABOUT_RETURN_TYPE = YES_ERROR;
				GCC_WARN_UNDECLARED_SELECTOR = YES;
				GCC_WARN_UNINITIALIZED_AUTOS = YES_AGGRESSIVE;
				GCC_WARN_UNUSED_FUNCTION = YES;
				GCC_WARN_UNUSED_VARIABLE = YES;
				MACOSX_DEPLOYMENT_TARGET = 10.13;
				MTL_ENABLE_DEBUG_INFO = YES;
				ONLY_ACTIVE_ARCH = YES;
				SDKROOT = macosx;
				SWIFT_ACTIVE_COMPILATION_CONDITIONS = DEBUG;
				SWIFT_OPTIMIZATION_LEVEL = "-Onone";
			};
			name = Debug;
		};
		B3114EF5214A7B4E00C8B28C /* Release */ = {
			isa = XCBuildConfiguration;
			buildSettings = {
				ALWAYS_SEARCH_USER_PATHS = NO;
				CLANG_ANALYZER_NONNULL = YES;
				CLANG_ANALYZER_NUMBER_OBJECT_CONVERSION = YES_AGGRESSIVE;
				CLANG_CXX_LANGUAGE_STANDARD = "gnu++14";
				CLANG_CXX_LIBRARY = "libc++";
				CLANG_ENABLE_MODULES = YES;
				CLANG_ENABLE_OBJC_ARC = YES;
				CLANG_ENABLE_OBJC_WEAK = YES;
				CLANG_WARN_BLOCK_CAPTURE_AUTORELEASING = YES;
				CLANG_WARN_BOOL_CONVERSION = YES;
				CLANG_WARN_COMMA = YES;
				CLANG_WARN_CONSTANT_CONVERSION = YES;
				CLANG_WARN_DEPRECATED_OBJC_IMPLEMENTATIONS = YES;
				CLANG_WARN_DIRECT_OBJC_ISA_USAGE = YES_ERROR;
				CLANG_WARN_DOCUMENTATION_COMMENTS = YES;
				CLANG_WARN_EMPTY_BODY = YES;
				CLANG_WARN_ENUM_CONVERSION = YES;
				CLANG_WARN_INFINITE_RECURSION = YES;
				CLANG_WARN_INT_CONVERSION = YES;
				CLANG_WARN_NON_LITERAL_NULL_CONVERSION = YES;
				CLANG_WARN_OBJC_IMPLICIT_RETAIN_SELF = YES;
				CLANG_WARN_OBJC_LITERAL_CONVERSION = YES;
				CLANG_WARN_OBJC_ROOT_CLASS = YES_ERROR;
				CLANG_WARN_RANGE_LOOP_ANALYSIS = YES;
				CLANG_WARN_STRICT_PROTOTYPES = YES;
				CLANG_WARN_SUSPICIOUS_MOVE = YES;
				CLANG_WARN_UNGUARDED_AVAILABILITY = YES_AGGRESSIVE;
				CLANG_WARN_UNREACHABLE_CODE = YES;
				CLANG_WARN__DUPLICATE_METHOD_MATCH = YES;
				CODE_SIGN_IDENTITY = "-";
				COPY_PHASE_STRIP = NO;
				DEBUG_INFORMATION_FORMAT = "dwarf-with-dsym";
				ENABLE_NS_ASSERTIONS = NO;
				ENABLE_STRICT_OBJC_MSGSEND = YES;
				GCC_C_LANGUAGE_STANDARD = gnu11;
				GCC_NO_COMMON_BLOCKS = YES;
				GCC_WARN_64_TO_32_BIT_CONVERSION = YES;
				GCC_WARN_ABOUT_RETURN_TYPE = YES_ERROR;
				GCC_WARN_UNDECLARED_SELECTOR = YES;
				GCC_WARN_UNINITIALIZED_AUTOS = YES_AGGRESSIVE;
				GCC_WARN_UNUSED_FUNCTION = YES;
				GCC_WARN_UNUSED_VARIABLE = YES;
				MACOSX_DEPLOYMENT_TARGET = 10.13;
				MTL_ENABLE_DEBUG_INFO = NO;
				SDKROOT = macosx;
				SWIFT_COMPILATION_MODE = wholemodule;
				SWIFT_OPTIMIZATION_LEVEL = "-O";
			};
			name = Release;
		};
		B3114EF7214A7B4E00C8B28C /* Debug */ = {
			isa = XCBuildConfiguration;
			buildSettings = {
				ASSETCATALOG_COMPILER_APPICON_NAME = AppIcon;
				CODE_SIGN_ENTITLEMENTS = "";
				CODE_SIGN_STYLE = Automatic;
				COMBINE_HIDPI_IMAGES = YES;
				INFOPLIST_FILE = bookdown/Info.plist;
				LD_RUNPATH_SEARCH_PATHS = (
					"$(inherited)",
					"@executable_path/../Frameworks",
				);
				PRODUCT_BUNDLE_IDENTIFIER = de.meandmymac.bookdown;
				PRODUCT_NAME = "$(TARGET_NAME)";
				SWIFT_VERSION = 4.0;
			};
			name = Debug;
		};
		B3114EF8214A7B4E00C8B28C /* Release */ = {
			isa = XCBuildConfiguration;
			buildSettings = {
				ASSETCATALOG_COMPILER_APPICON_NAME = AppIcon;
				CODE_SIGN_ENTITLEMENTS = "";
				CODE_SIGN_STYLE = Automatic;
				COMBINE_HIDPI_IMAGES = YES;
				INFOPLIST_FILE = bookdown/Info.plist;
				LD_RUNPATH_SEARCH_PATHS = (
					"$(inherited)",
					"@executable_path/../Frameworks",
				);
				PRODUCT_BUNDLE_IDENTIFIER = de.meandmymac.bookdown;
				PRODUCT_NAME = "$(TARGET_NAME)";
				SWIFT_VERSION = 4.0;
			};
			name = Release;
		};
		B3114EFA214A7B4E00C8B28C /* Debug */ = {
			isa = XCBuildConfiguration;
			buildSettings = {
				ALWAYS_EMBED_SWIFT_STANDARD_LIBRARIES = YES;
				BUNDLE_LOADER = "$(TEST_HOST)";
				CODE_SIGN_STYLE = Automatic;
				COMBINE_HIDPI_IMAGES = YES;
				INFOPLIST_FILE = bookdownTests/Info.plist;
				LD_RUNPATH_SEARCH_PATHS = (
					"$(inherited)",
					"@executable_path/../Frameworks",
					"@loader_path/../Frameworks",
				);
				PRODUCT_BUNDLE_IDENTIFIER = de.meandmymac.bookdownTests;
				PRODUCT_NAME = "$(TARGET_NAME)";
				SWIFT_VERSION = 4.0;
				TEST_HOST = "$(BUILT_PRODUCTS_DIR)/bookdown.app/Contents/MacOS/bookdown";
			};
			name = Debug;
		};
		B3114EFB214A7B4E00C8B28C /* Release */ = {
			isa = XCBuildConfiguration;
			buildSettings = {
				ALWAYS_EMBED_SWIFT_STANDARD_LIBRARIES = YES;
				BUNDLE_LOADER = "$(TEST_HOST)";
				CODE_SIGN_STYLE = Automatic;
				COMBINE_HIDPI_IMAGES = YES;
				INFOPLIST_FILE = bookdownTests/Info.plist;
				LD_RUNPATH_SEARCH_PATHS = (
					"$(inherited)",
					"@executable_path/../Frameworks",
					"@loader_path/../Frameworks",
				);
				PRODUCT_BUNDLE_IDENTIFIER = de.meandmymac.bookdownTests;
				PRODUCT_NAME = "$(TARGET_NAME)";
				SWIFT_VERSION = 4.0;
				TEST_HOST = "$(BUILT_PRODUCTS_DIR)/bookdown.app/Contents/MacOS/bookdown";
			};
			name = Release;
		};
/* End XCBuildConfiguration section */

/* Begin XCConfigurationList section */
		B3114ED8214A7B4C00C8B28C /* Build configuration list for PBXProject "bookdown" */ = {
			isa = XCConfigurationList;
			buildConfigurations = (
				B3114EF4214A7B4E00C8B28C /* Debug */,
				B3114EF5214A7B4E00C8B28C /* Release */,
			);
			defaultConfigurationIsVisible = 0;
			defaultConfigurationName = Release;
		};
		B3114EF6214A7B4E00C8B28C /* Build configuration list for PBXNativeTarget "bookdown" */ = {
			isa = XCConfigurationList;
			buildConfigurations = (
				B3114EF7214A7B4E00C8B28C /* Debug */,
				B3114EF8214A7B4E00C8B28C /* Release */,
			);
			defaultConfigurationIsVisible = 0;
			defaultConfigurationName = Release;
		};
		B3114EF9214A7B4E00C8B28C /* Build configuration list for PBXNativeTarget "bookdownTests" */ = {
			isa = XCConfigurationList;
			buildConfigurations = (
				B3114EFA214A7B4E00C8B28C /* Debug */,
				B3114EFB214A7B4E00C8B28C /* Release */,
			);
			defaultConfigurationIsVisible = 0;
			defaultConfigurationName = Release;
		};
/* End XCConfigurationList section */
	};
	rootObject = B3114ED5214A7B4C00C8B28C /* Project object */;
}
